
Microsoft Visual Studio Solution File, Format Version 12.00
# Visual Studio Version 16
VisualStudioVersion = 16.0.29613.14
MinimumVisualStudioVersion = 10.0.40219.1
Project("{FAE04EC0-301F-11D3-BF4B-00C04F79EFBC}") = "PayrollWebApplication", "PayrollWebApplication\PayrollWebApplication.csproj", "{1FF4DF9C-90CC-4CBD-9453-933EEE926488}"
EndProject
Global
	GlobalSection(SolutionConfigurationPlatforms) = preSolution
		Debug|Any CPU = Debug|Any CPU
		Release|Any CPU = Release|Any CPU
	EndGlobalSection
	GlobalSection(ProjectConfigurationPlatforms) = postSolution
		{1FF4DF9C-90CC-4CBD-9453-933EEE926488}.Debug|Any CPU.ActiveCfg = Debug|Any CPU
		{1FF4DF9C-90CC-4CBD-9453-933EEE926488}.Debug|Any CPU.Build.0 = Debug|Any CPU
		{1FF4DF9C-90CC-4CBD-9453-933EEE926488}.Release|Any CPU.ActiveCfg = Release|Any CPU
		{1FF4DF9C-90CC-4CBD-9453-933EEE926488}.Release|Any CPU.Build.0 = Release|Any CPU
	EndGlobalSection
	GlobalSection(SolutionProperties) = preSolution
		HideSolutionNode = FALSE
	EndGlobalSection
	GlobalSection(ExtensibilityGlobals) = postSolution
		SolutionGuid = {47F63935-3AA6-4C2F-80E3-35AD70CA55D5}
	EndGlobalSection
EndGlobal
